
Microsoft Visual Studio Solution File, Format Version 12.00
# Visual Studio Version 16
VisualStudioVersion = 16.0.31005.135
MinimumVisualStudioVersion = 10.0.40219.1
Project("{FAE04EC0-301F-11D3-BF4B-00C04F79EFBC}") = "AspSolutionPro", "AspSolutionPro\AspSolutionPro.csproj", "{FDFF7E5C-B426-43EF-BD3E-D4AD0C6C533B}"
EndProject
Global
	GlobalSection(SolutionConfigurationPlatforms) = preSolution
		Debug|Any CPU = Debug|Any CPU
		Release|Any CPU = Release|Any CPU
	EndGlobalSection
	GlobalSection(ProjectConfigurationPlatforms) = postSolution
		{FDFF7E5C-B426-43EF-BD3E-D4AD0C6C533B}.Debug|Any CPU.ActiveCfg = Debug|Any CPU
		{FDFF7E5C-B426-43EF-BD3E-D4AD0C6C533B}.Debug|Any CPU.Build.0 = Debug|Any CPU
		{FDFF7E5C-B426-43EF-BD3E-D4AD0C6C533B}.Release|Any CPU.ActiveCfg = Release|Any CPU
		{FDFF7E5C-B426-43EF-BD3E-D4AD0C6C533B}.Release|Any CPU.Build.0 = Release|Any CPU
	EndGlobalSection
	GlobalSection(SolutionProperties) = preSolution
		HideSolutionNode = FALSE
	EndGlobalSection
	GlobalSection(ExtensibilityGlobals) = postSolution
		SolutionGuid = {3B61B895-3601-44B3-ABFE-8D1AC69AB396}
	EndGlobalSection
EndGlobal
